
Microsoft Visual Studio Solution File, Format Version 12.00
# Visual Studio 15
VisualStudioVersion = 15.0.33403.129
MinimumVisualStudioVersion = 10.0.40219.1
Project("{FAE04EC0-301F-11D3-BF4B-00C04F79EFBC}") = "wpfCarBind", "wpfCarBind\wpfCarBind.csproj", "{92F8EC33-6163-4030-8D94-26BC5FAEAFF8}"
EndProject
Global
	GlobalSection(SolutionConfigurationPlatforms) = preSolution
		Debug|Any CPU = Debug|Any CPU
		Release|Any CPU = Release|Any CPU
	EndGlobalSection
	GlobalSection(ProjectConfigurationPlatforms) = postSolution
		{92F8EC33-6163-4030-8D94-26BC5FAEAFF8}.Debug|Any CPU.ActiveCfg = Debug|Any CPU
		{92F8EC33-6163-4030-8D94-26BC5FAEAFF8}.Debug|Any CPU.Build.0 = Debug|Any CPU
		{92F8EC33-6163-4030-8D94-26BC5FAEAFF8}.Release|Any CPU.ActiveCfg = Release|Any CPU
		{92F8EC33-6163-4030-8D94-26BC5FAEAFF8}.Release|Any CPU.Build.0 = Release|Any CPU
	EndGlobalSection
	GlobalSection(SolutionProperties) = preSolution
		HideSolutionNode = FALSE
	EndGlobalSection
	GlobalSection(ExtensibilityGlobals) = postSolution
		SolutionGuid = {18364F9D-A72F-4C4F-8857-EED6C9880599}
	EndGlobalSection
EndGlobal
