
Microsoft Visual Studio Solution File, Format Version 12.00
# Visual Studio Version 17
VisualStudioVersion = 17.5.33530.505
MinimumVisualStudioVersion = 10.0.40219.1
Project("{FAE04EC0-301F-11D3-BF4B-00C04F79EFBC}") = "DistanceTraveled", "DistanceTraveled\DistanceTraveled.csproj", "{78CAD749-F09C-4771-A8D9-6EB499D9A923}"
EndProject
Global
	GlobalSection(SolutionConfigurationPlatforms) = preSolution
		Debug|Any CPU = Debug|Any CPU
		Release|Any CPU = Release|Any CPU
	EndGlobalSection
	GlobalSection(ProjectConfigurationPlatforms) = postSolution
		{78CAD749-F09C-4771-A8D9-6EB499D9A923}.Debug|Any CPU.ActiveCfg = Debug|Any CPU
		{78CAD749-F09C-4771-A8D9-6EB499D9A923}.Debug|Any CPU.Build.0 = Debug|Any CPU
		{78CAD749-F09C-4771-A8D9-6EB499D9A923}.Release|Any CPU.ActiveCfg = Release|Any CPU
		{78CAD749-F09C-4771-A8D9-6EB499D9A923}.Release|Any CPU.Build.0 = Release|Any CPU
	EndGlobalSection
	GlobalSection(SolutionProperties) = preSolution
		HideSolutionNode = FALSE
	EndGlobalSection
	GlobalSection(ExtensibilityGlobals) = postSolution
		SolutionGuid = {B4849D24-DCFF-4064-841C-497AECA85E3F}
	EndGlobalSection
EndGlobal
