
Microsoft Visual Studio Solution File, Format Version 12.00
# Visual Studio Version 17
VisualStudioVersion = 17.5.33530.505
MinimumVisualStudioVersion = 10.0.40219.1
Project("{FAE04EC0-301F-11D3-BF4B-00C04F79EFBC}") = "ShippingCharges", "ShippingCharges\ShippingCharges.csproj", "{15595B84-8E0E-478F-97CA-0E1F8320BA7E}"
EndProject
Global
	GlobalSection(SolutionConfigurationPlatforms) = preSolution
		Debug|Any CPU = Debug|Any CPU
		Release|Any CPU = Release|Any CPU
	EndGlobalSection
	GlobalSection(ProjectConfigurationPlatforms) = postSolution
		{15595B84-8E0E-478F-97CA-0E1F8320BA7E}.Debug|Any CPU.ActiveCfg = Debug|Any CPU
		{15595B84-8E0E-478F-97CA-0E1F8320BA7E}.Debug|Any CPU.Build.0 = Debug|Any CPU
		{15595B84-8E0E-478F-97CA-0E1F8320BA7E}.Release|Any CPU.ActiveCfg = Release|Any CPU
		{15595B84-8E0E-478F-97CA-0E1F8320BA7E}.Release|Any CPU.Build.0 = Release|Any CPU
	EndGlobalSection
	GlobalSection(SolutionProperties) = preSolution
		HideSolutionNode = FALSE
	EndGlobalSection
	GlobalSection(ExtensibilityGlobals) = postSolution
		SolutionGuid = {B067220A-15EC-4B20-89F2-7EDF0225A747}
	EndGlobalSection
EndGlobal
